
Microsoft Visual Studio Solution File, Format Version 12.00
# Visual Studio Version 16
VisualStudioVersion = 16.0.30621.155
MinimumVisualStudioVersion = 10.0.40219.1
Project("{FAE04EC0-301F-11D3-BF4B-00C04F79EFBC}") = "LabOfTask03", "LabOfTask03\LabOfTask03.csproj", "{ED41536D-8B52-46E7-8E10-8D4712D0B422}"
EndProject
Global
	GlobalSection(SolutionConfigurationPlatforms) = preSolution
		Debug|Any CPU = Debug|Any CPU
		Release|Any CPU = Release|Any CPU
	EndGlobalSection
	GlobalSection(ProjectConfigurationPlatforms) = postSolution
		{ED41536D-8B52-46E7-8E10-8D4712D0B422}.Debug|Any CPU.ActiveCfg = Debug|Any CPU
		{ED41536D-8B52-46E7-8E10-8D4712D0B422}.Debug|Any CPU.Build.0 = Debug|Any CPU
		{ED41536D-8B52-46E7-8E10-8D4712D0B422}.Release|Any CPU.ActiveCfg = Release|Any CPU
		{ED41536D-8B52-46E7-8E10-8D4712D0B422}.Release|Any CPU.Build.0 = Release|Any CPU
	EndGlobalSection
	GlobalSection(SolutionProperties) = preSolution
		HideSolutionNode = FALSE
	EndGlobalSection
	GlobalSection(ExtensibilityGlobals) = postSolution
		SolutionGuid = {23AFCADC-7877-45A7-9BC0-7D71A53C356E}
	EndGlobalSection
EndGlobal
