
Microsoft Visual Studio Solution File, Format Version 12.00
# Visual Studio Version 16
VisualStudioVersion = 16.0.30413.136
MinimumVisualStudioVersion = 10.0.40219.1
Project("{FAE04EC0-301F-11D3-BF4B-00C04F79EFBC}") = "LabOfTask02", "LabOfTask02\LabOfTask02.csproj", "{ACF139DA-B5A0-408A-A38A-077C9010D931}"
EndProject
Project("{FAE04EC0-301F-11D3-BF4B-00C04F79EFBC}") = "LabOfTask01", "..\Lab_Of_Task01\LabOfTask01\LabOfTask01.csproj", "{AFD064D7-452F-44A7-86E6-5E05D852D499}"
EndProject
Global
	GlobalSection(SolutionConfigurationPlatforms) = preSolution
		Debug|Any CPU = Debug|Any CPU
		Release|Any CPU = Release|Any CPU
	EndGlobalSection
	GlobalSection(ProjectConfigurationPlatforms) = postSolution
		{ACF139DA-B5A0-408A-A38A-077C9010D931}.Debug|Any CPU.ActiveCfg = Debug|Any CPU
		{ACF139DA-B5A0-408A-A38A-077C9010D931}.Debug|Any CPU.Build.0 = Debug|Any CPU
		{ACF139DA-B5A0-408A-A38A-077C9010D931}.Release|Any CPU.ActiveCfg = Release|Any CPU
		{ACF139DA-B5A0-408A-A38A-077C9010D931}.Release|Any CPU.Build.0 = Release|Any CPU
		{AFD064D7-452F-44A7-86E6-5E05D852D499}.Debug|Any CPU.ActiveCfg = Debug|Any CPU
		{AFD064D7-452F-44A7-86E6-5E05D852D499}.Debug|Any CPU.Build.0 = Debug|Any CPU
		{AFD064D7-452F-44A7-86E6-5E05D852D499}.Release|Any CPU.ActiveCfg = Release|Any CPU
		{AFD064D7-452F-44A7-86E6-5E05D852D499}.Release|Any CPU.Build.0 = Release|Any CPU
	EndGlobalSection
	GlobalSection(SolutionProperties) = preSolution
		HideSolutionNode = FALSE
	EndGlobalSection
	GlobalSection(ExtensibilityGlobals) = postSolution
		SolutionGuid = {A64C4935-5B3E-49BE-B1B7-5D03F6179051}
	EndGlobalSection
EndGlobal
